
Microsoft Visual Studio Solution File, Format Version 12.00
# Visual Studio Version 17
VisualStudioVersion = 17.1.32328.378
MinimumVisualStudioVersion = 10.0.40219.1
Project("{FAE04EC0-301F-11D3-BF4B-00C04F79EFBC}") = "task 21", "task 21.csproj", "{8CFD349D-DD82-4BE9-A68D-D9152ABA8D5A}"
EndProject
Global
	GlobalSection(SolutionConfigurationPlatforms) = preSolution
		Debug|Any CPU = Debug|Any CPU
		Release|Any CPU = Release|Any CPU
	EndGlobalSection
	GlobalSection(ProjectConfigurationPlatforms) = postSolution
		{8CFD349D-DD82-4BE9-A68D-D9152ABA8D5A}.Debug|Any CPU.ActiveCfg = Debug|Any CPU
		{8CFD349D-DD82-4BE9-A68D-D9152ABA8D5A}.Debug|Any CPU.Build.0 = Debug|Any CPU
		{8CFD349D-DD82-4BE9-A68D-D9152ABA8D5A}.Release|Any CPU.ActiveCfg = Release|Any CPU
		{8CFD349D-DD82-4BE9-A68D-D9152ABA8D5A}.Release|Any CPU.Build.0 = Release|Any CPU
	EndGlobalSection
	GlobalSection(SolutionProperties) = preSolution
		HideSolutionNode = FALSE
	EndGlobalSection
	GlobalSection(ExtensibilityGlobals) = postSolution
		SolutionGuid = {3211F7C5-9F1F-4D99-B038-5F681D2CF027}
	EndGlobalSection
EndGlobal
